{
  "name": "weekend",
  "version": "1.0.0",
  "lockfileVersion": 2,
  "requires": true,
  "packages": {
    "": {
      "name": "weekend",
      "version": "1.0.0",
      "license": "ISC",
      "dependencies": {
        "@types/dotenv": "^8.2.0",
        "@types/nodemailer": "^6.4.7",
        "dotenv": "^16.0.3",
        "nodemailer": "^6.9.1"
      }
    },
    "node_modules/@types/dotenv": {
      "version": "8.2.0",
      "resolved": "https://registry.npmjs.org/@types/dotenv/-/dotenv-8.2.0.tgz",
      "integrity": "sha512-ylSC9GhfRH7m1EUXBXofhgx4lUWmFeQDINW5oLuS+gxWdfUeW4zJdeVTYVkexEW+e2VUvlZR2kGnGGipAWR7kw==",
      "deprecated": "This is a stub types definition. dotenv provides its own type definitions, so you do not need this installed.",
      "dependencies": {
        "dotenv": "*"
      }
    },
    "node_modules/@types/node": {
      "version": "18.13.0",
      "resolved": "https://registry.npmjs.org/@types/node/-/node-18.13.0.tgz",
      "integrity": "sha512-gC3TazRzGoOnoKAhUx+Q0t8S9Tzs74z7m0ipwGpSqQrleP14hKxP4/JUeEQcD3W1/aIpnWl8pHowI7WokuZpXg=="
    },
    "node_modules/@types/nodemailer": {
      "version": "6.4.7",
      "resolved": "https://registry.npmjs.org/@types/nodemailer/-/nodemailer-6.4.7.tgz",
      "integrity": "sha512-f5qCBGAn/f0qtRcd4SEn88c8Fp3Swct1731X4ryPKqS61/A3LmmzN8zaEz7hneJvpjFbUUgY7lru/B/7ODTazg==",
      "dependencies": {
        "@types/node": "*"
      }
    },
    "node_modules/dotenv": {
      "version": "16.0.3",
      "resolved": "https://registry.npmjs.org/dotenv/-/dotenv-16.0.3.tgz",
      "integrity": "sha512-7GO6HghkA5fYG9TYnNxi14/7K9f5occMlp3zXAuSxn7CKCxt9xbNWG7yF8hTCSUchlfWSe3uLmlPfigevRItzQ==",
      "engines": {
        "node": ">=12"
      }
    },
    "node_modules/nodemailer": {
      "version": "6.9.1",
      "resolved": "https://registry.npmjs.org/nodemailer/-/nodemailer-6.9.1.tgz",
      "integrity": "sha512-qHw7dOiU5UKNnQpXktdgQ1d3OFgRAekuvbJLcdG5dnEo/GtcTHRYM7+UfJARdOFU9WUQO8OiIamgWPmiSFHYAA==",
      "engines": {
        "node": ">=6.0.0"
      }
    }
  },
  "dependencies": {
    "@types/dotenv": {
      "version": "8.2.0",
      "resolved": "https://registry.npmjs.org/@types/dotenv/-/dotenv-8.2.0.tgz",
      "integrity": "sha512-ylSC9GhfRH7m1EUXBXofhgx4lUWmFeQDINW5oLuS+gxWdfUeW4zJdeVTYVkexEW+e2VUvlZR2kGnGGipAWR7kw==",
      "requires": {
        "dotenv": "*"
      }
    },
    "@types/node": {
      "version": "18.13.0",
      "resolved": "https://registry.npmjs.org/@types/node/-/node-18.13.0.tgz",
      "integrity": "sha512-gC3TazRzGoOnoKAhUx+Q0t8S9Tzs74z7m0ipwGpSqQrleP14hKxP4/JUeEQcD3W1/aIpnWl8pHowI7WokuZpXg=="
    },
    "@types/nodemailer": {
      "version": "6.4.7",
      "resolved": "https://registry.npmjs.org/@types/nodemailer/-/nodemailer-6.4.7.tgz",
      "integrity": "sha512-f5qCBGAn/f0qtRcd4SEn88c8Fp3Swct1731X4ryPKqS61/A3LmmzN8zaEz7hneJvpjFbUUgY7lru/B/7ODTazg==",
      "requires": {
        "@types/node": "*"
      }
    },
    "dotenv": {
      "version": "16.0.3",
      "resolved": "https://registry.npmjs.org/dotenv/-/dotenv-16.0.3.tgz",
      "integrity": "sha512-7GO6HghkA5fYG9TYnNxi14/7K9f5occMlp3zXAuSxn7CKCxt9xbNWG7yF8hTCSUchlfWSe3uLmlPfigevRItzQ=="
    },
    "nodemailer": {
      "version": "6.9.1",
      "resolved": "https://registry.npmjs.org/nodemailer/-/nodemailer-6.9.1.tgz",
      "integrity": "sha512-qHw7dOiU5UKNnQpXktdgQ1d3OFgRAekuvbJLcdG5dnEo/GtcTHRYM7+UfJARdOFU9WUQO8OiIamgWPmiSFHYAA=="
    }
  }
}
